// !$*UTF8*$!
{
	archiveVersion = 1;
	classes = {
	};
	objectVersion = 46;
	objects = {

/* Begin PBXBuildFile section */
		095FD1951D05CB7E005D9FCC /* CCNavTab.h in Headers */ = {isa = PBXBuildFile; fileRef = 095FD1941D05CB7E005D9FCC /* CCNavTab.h */; settings = {ATTRIBUTES = (Public, ); }; };
		095FD1A81D05CB9D005D9FCC /* UIBarButtonItem+XCC.h in Headers */ = {isa = PBXBuildFile; fileRef = 095FD19E1D05CB9D005D9FCC /* UIBarButtonItem+XCC.h */; };
		095FD1A91D05CB9D005D9FCC /* UIBarButtonItem+XCC.m in Sources */ = {isa = PBXBuildFile; fileRef = 095FD19F1D05CB9D005D9FCC /* UIBarButtonItem+XCC.m */; };
		095FD1AA1D05CB9D005D9FCC /* CCNavigationController.h in Headers */ = {isa = PBXBuildFile; fileRef = 095FD1A01D05CB9D005D9FCC /* CCNavigationController.h */; };
		095FD1AB1D05CB9D005D9FCC /* CCNavigationController.m in Sources */ = {isa = PBXBuildFile; fileRef = 095FD1A11D05CB9D005D9FCC /* CCNavigationController.m */; };
		095FD1AC1D05CB9D005D9FCC /* CCTabBar.h in Headers */ = {isa = PBXBuildFile; fileRef = 095FD1A21D05CB9D005D9FCC /* CCTabBar.h */; };
		095FD1AD1D05CB9D005D9FCC /* CCTabBar.m in Sources */ = {isa = PBXBuildFile; fileRef = 095FD1A31D05CB9D005D9FCC /* CCTabBar.m */; };
		095FD1AE1D05CB9D005D9FCC /* CCTabController.h in Headers */ = {isa = PBXBuildFile; fileRef = 095FD1A41D05CB9D005D9FCC /* CCTabController.h */; };
		095FD1AF1D05CB9D005D9FCC /* CCTabController.m in Sources */ = {isa = PBXBuildFile; fileRef = 095FD1A51D05CB9D005D9FCC /* CCTabController.m */; };
		095FD1B01D05CB9D005D9FCC /* CCTabItem.h in Headers */ = {isa = PBXBuildFile; fileRef = 095FD1A61D05CB9D005D9FCC /* CCTabItem.h */; };
		095FD1B11D05CB9D005D9FCC /* CCTabItem.m in Sources */ = {isa = PBXBuildFile; fileRef = 095FD1A71D05CB9D005D9FCC /* CCTabItem.m */; };
/* End PBXBuildFile section */

/* Begin PBXFileReference section */
		095FD1911D05CB7E005D9FCC /* CCNavTab.framework */ = {isa = PBXFileReference; explicitFileType = wrapper.framework; includeInIndex = 0; path = CCNavTab.framework; sourceTree = BUILT_PRODUCTS_DIR; };
		095FD1941D05CB7E005D9FCC /* CCNavTab.h */ = {isa = PBXFileReference; lastKnownFileType = sourcecode.c.h; path = CCNavTab.h; sourceTree = "<group>"; };
		095FD1961D05CB7E005D9FCC /* Info.plist */ = {isa = PBXFileReference; lastKnownFileType = text.plist.xml; path = Info.plist; sourceTree = "<group>"; };
		095FD19E1D05CB9D005D9FCC /* UIBarButtonItem+XCC.h */ = {isa = PBXFileReference; fileEncoding = 4; lastKnownFileType = sourcecode.c.h; path = "UIBarButtonItem+XCC.h"; sourceTree = "<group>"; };
		095FD19F1D05CB9D005D9FCC /* UIBarButtonItem+XCC.m */ = {isa = PBXFileReference; fileEncoding = 4; lastKnownFileType = sourcecode.c.objc; path = "UIBarButtonItem+XCC.m"; sourceTree = "<group>"; };
		095FD1A01D05CB9D005D9FCC /* CCNavigationController.h */ = {isa = PBXFileReference; fileEncoding = 4; lastKnownFileType = sourcecode.c.h; path = CCNavigationController.h; sourceTree = "<group>"; };
		095FD1A11D05CB9D005D9FCC /* CCNavigationController.m */ = {isa = PBXFileReference; fileEncoding = 4; lastKnownFileType = sourcecode.c.objc; path = CCNavigationController.m; sourceTree = "<group>"; };
		095FD1A21D05CB9D005D9FCC /* CCTabBar.h */ = {isa = PBXFileReference; fileEncoding = 4; lastKnownFileType = sourcecode.c.h; path = CCTabBar.h; sourceTree = "<group>"; };
		095FD1A31D05CB9D005D9FCC /* CCTabBar.m */ = {isa = PBXFileReference; fileEncoding = 4; lastKnownFileType = sourcecode.c.objc; path = CCTabBar.m; sourceTree = "<group>"; };
		095FD1A41D05CB9D005D9FCC /* CCTabController.h */ = {isa = PBXFileReference; fileEncoding = 4; lastKnownFileType = sourcecode.c.h; path = CCTabController.h; sourceTree = "<group>"; };
		095FD1A51D05CB9D005D9FCC /* CCTabController.m */ = {isa = PBXFileReference; fileEncoding = 4; lastKnownFileType = sourcecode.c.objc; path = CCTabController.m; sourceTree = "<group>"; };
		095FD1A61D05CB9D005D9FCC /* CCTabItem.h */ = {isa = PBXFileReference; fileEncoding = 4; lastKnownFileType = sourcecode.c.h; path = CCTabItem.h; sourceTree = "<group>"; };
		095FD1A71D05CB9D005D9FCC /* CCTabItem.m */ = {isa = PBXFileReference; fileEncoding = 4; lastKnownFileType = sourcecode.c.objc; path = CCTabItem.m; sourceTree = "<group>"; };
/* End PBXFileReference section */

/* Begin PBXFrameworksBuildPhase section */
		095FD18D1D05CB7E005D9FCC /* Frameworks */ = {
			isa = PBXFrameworksBuildPhase;
			buildActionMask = 2147483647;
			files = (
			);
			runOnlyForDeploymentPostprocessing = 0;
		};
/* End PBXFrameworksBuildPhase section */

/* Begin PBXGroup section */
		095FD1871D05CB7E005D9FCC = {
			isa = PBXGroup;
			children = (
				095FD1931D05CB7E005D9FCC /* CCNavTab */,
				095FD1921D05CB7E005D9FCC /* Products */,
			);
			sourceTree = "<group>";
		};
		095FD1921D05CB7E005D9FCC /* Products */ = {
			isa = PBXGroup;
			children = (
				095FD1911D05CB7E005D9FCC /* CCNavTab.framework */,
			);
			name = Products;
			sourceTree = "<group>";
		};
		095FD1931D05CB7E005D9FCC /* CCNavTab */ = {
			isa = PBXGroup;
			children = (
				095FD1941D05CB7E005D9FCC /* CCNavTab.h */,
				095FD19C1D05CB9D005D9FCC /* CCNavTab */,
				095FD1961D05CB7E005D9FCC /* Info.plist */,
			);
			path = CCNavTab;
			sourceTree = "<group>";
		};
		095FD19C1D05CB9D005D9FCC /* CCNavTab */ = {
			isa = PBXGroup;
			children = (
				095FD19D1D05CB9D005D9FCC /* Category */,
				095FD1A01D05CB9D005D9FCC /* CCNavigationController.h */,
				095FD1A11D05CB9D005D9FCC /* CCNavigationController.m */,
				095FD1A21D05CB9D005D9FCC /* CCTabBar.h */,
				095FD1A31D05CB9D005D9FCC /* CCTabBar.m */,
				095FD1A41D05CB9D005D9FCC /* CCTabController.h */,
				095FD1A51D05CB9D005D9FCC /* CCTabController.m */,
				095FD1A61D05CB9D005D9FCC /* CCTabItem.h */,
				095FD1A71D05CB9D005D9FCC /* CCTabItem.m */,
			);
			path = CCNavTab;
			sourceTree = "<group>";
		};
		095FD19D1D05CB9D005D9FCC /* Category */ = {
			isa = PBXGroup;
			children = (
				095FD19E1D05CB9D005D9FCC /* UIBarButtonItem+XCC.h */,
				095FD19F1D05CB9D005D9FCC /* UIBarButtonItem+XCC.m */,
			);
			path = Category;
			sourceTree = "<group>";
		};
/* End PBXGroup section */

/* Begin PBXHeadersBuildPhase section */
		095FD18E1D05CB7E005D9FCC /* Headers */ = {
			isa = PBXHeadersBuildPhase;
			buildActionMask = 2147483647;
			files = (
				095FD1A81D05CB9D005D9FCC /* UIBarButtonItem+XCC.h in Headers */,
				095FD1AE1D05CB9D005D9FCC /* CCTabController.h in Headers */,
				095FD1AA1D05CB9D005D9FCC /* CCNavigationController.h in Headers */,
				095FD1AC1D05CB9D005D9FCC /* CCTabBar.h in Headers */,
				095FD1951D05CB7E005D9FCC /* CCNavTab.h in Headers */,
				095FD1B01D05CB9D005D9FCC /* CCTabItem.h in Headers */,
			);
			runOnlyForDeploymentPostprocessing = 0;
		};
/* End PBXHeadersBuildPhase section */

/* Begin PBXNativeTarget section */
		095FD1901D05CB7E005D9FCC /* CCNavTab */ = {
			isa = PBXNativeTarget;
			buildConfigurationList = 095FD1991D05CB7E005D9FCC /* Build configuration list for PBXNativeTarget "CCNavTab" */;
			buildPhases = (
				095FD18C1D05CB7E005D9FCC /* Sources */,
				095FD18D1D05CB7E005D9FCC /* Frameworks */,
				095FD18E1D05CB7E005D9FCC /* Headers */,
				095FD18F1D05CB7E005D9FCC /* Resources */,
			);
			buildRules = (
			);
			dependencies = (
			);
			name = CCNavTab;
			productName = CCNavTab;
			productReference = 095FD1911D05CB7E005D9FCC /* CCNavTab.framework */;
			productType = "com.apple.product-type.framework";
		};
/* End PBXNativeTarget section */

/* Begin PBXProject section */
		095FD1881D05CB7E005D9FCC /* Project object */ = {
			isa = PBXProject;
			attributes = {
				LastUpgradeCheck = 0730;
				ORGANIZATIONNAME = bear;
				TargetAttributes = {
					095FD1901D05CB7E005D9FCC = {
						CreatedOnToolsVersion = 7.3.1;
					};
				};
			};
			buildConfigurationList = 095FD18B1D05CB7E005D9FCC /* Build configuration list for PBXProject "CCNavTab" */;
			compatibilityVersion = "Xcode 3.2";
			developmentRegion = English;
			hasScannedForEncodings = 0;
			knownRegions = (
				en,
			);
			mainGroup = 095FD1871D05CB7E005D9FCC;
			productRefGroup = 095FD1921D05CB7E005D9FCC /* Products */;
			projectDirPath = "";
			projectRoot = "";
			targets = (
				095FD1901D05CB7E005D9FCC /* CCNavTab */,
			);
		};
/* End PBXProject section */

/* Begin PBXResourcesBuildPhase section */
		095FD18F1D05CB7E005D9FCC /* Resources */ = {
			isa = PBXResourcesBuildPhase;
			buildActionMask = 2147483647;
			files = (
			);
			runOnlyForDeploymentPostprocessing = 0;
		};
/* End PBXResourcesBuildPhase section */

/* Begin PBXSourcesBuildPhase section */
		095FD18C1D05CB7E005D9FCC /* Sources */ = {
			isa = PBXSourcesBuildPhase;
			buildActionMask = 2147483647;
			files = (
				095FD1B11D05CB9D005D9FCC /* CCTabItem.m in Sources */,
				095FD1A91D05CB9D005D9FCC /* UIBarButtonItem+XCC.m in Sources */,
				095FD1AF1D05CB9D005D9FCC /* CCTabController.m in Sources */,
				095FD1AB1D05CB9D005D9FCC /* CCNavigationController.m in Sources */,
				095FD1AD1D05CB9D005D9FCC /* CCTabBar.m in Sources */,
			);
			runOnlyForDeploymentPostprocessing = 0;
		};
/* End PBXSourcesBuildPhase section */

/* Begin XCBuildConfiguration section */
		095FD1971D05CB7E005D9FCC /* Debug */ = {
			isa = XCBuildConfiguration;
			buildSettings = {
				ALWAYS_SEARCH_USER_PATHS = NO;
				CLANG_ANALYZER_NONNULL = YES;
				CLANG_CXX_LANGUAGE_STANDARD = "gnu++0x";
				CLANG_CXX_LIBRARY = "libc++";
				CLANG_ENABLE_MODULES = YES;
				CLANG_ENABLE_OBJC_ARC = YES;
				CLANG_WARN_BOOL_CONVERSION = YES;
				CLANG_WARN_CONSTANT_CONVERSION = YES;
				CLANG_WARN_DIRECT_OBJC_ISA_USAGE = YES_ERROR;
				CLANG_WARN_EMPTY_BODY = YES;
				CLANG_WARN_ENUM_CONVERSION = YES;
				CLANG_WARN_INT_CONVERSION = YES;
				CLANG_WARN_OBJC_ROOT_CLASS = YES_ERROR;
				CLANG_WARN_UNREACHABLE_CODE = YES;
				CLANG_WARN__DUPLICATE_METHOD_MATCH = YES;
				"CODE_SIGN_IDENTITY[sdk=iphoneos*]" = "iPhone Developer";
				COPY_PHASE_STRIP = NO;
				CURRENT_PROJECT_VERSION = 1;
				DEBUG_INFORMATION_FORMAT = dwarf;
				ENABLE_STRICT_OBJC_MSGSEND = YES;
				ENABLE_TESTABILITY = YES;
				GCC_C_LANGUAGE_STANDARD = gnu99;
				GCC_DYNAMIC_NO_PIC = NO;
				GCC_NO_COMMON_BLOCKS = YES;
				GCC_OPTIMIZATION_LEVEL = 0;
				GCC_PREPROCESSOR_DEFINITIONS = (
					"DEBUG=1",
					"$(inherited)",
				);
				GCC_WARN_64_TO_32_BIT_CONVERSION = YES;
				GCC_WARN_ABOUT_RETURN_TYPE = YES_ERROR;
				GCC_WARN_UNDECLARED_SELECTOR = YES;
				GCC_WARN_UNINITIALIZED_AUTOS = YES_AGGRESSIVE;
				GCC_WARN_UNUSED_FUNCTION = YES;
				GCC_WARN_UNUSED_VARIABLE = YES;
				IPHONEOS_DEPLOYMENT_TARGET = 9.3;
				MTL_ENABLE_DEBUG_INFO = YES;
				ONLY_ACTIVE_ARCH = YES;
				SDKROOT = iphoneos;
				TARGETED_DEVICE_FAMILY = "1,2";
				VERSIONING_SYSTEM = "apple-generic";
				VERSION_INFO_PREFIX = "";
			};
			name = Debug;
		};
		095FD1981D05CB7E005D9FCC /* Release */ = {
			isa = XCBuildConfiguration;
			buildSettings = {
				ALWAYS_SEARCH_USER_PATHS = NO;
				CLANG_ANALYZER_NONNULL = YES;
				CLANG_CXX_LANGUAGE_STANDARD = "gnu++0x";
				CLANG_CXX_LIBRARY = "libc++";
				CLANG_ENABLE_MODULES = YES;
				CLANG_ENABLE_OBJC_ARC = YES;
				CLANG_WARN_BOOL_CONVERSION = YES;
				CLANG_WARN_CONSTANT_CONVERSION = YES;
				CLANG_WARN_DIRECT_OBJC_ISA_USAGE = YES_ERROR;
				CLANG_WARN_EMPTY_BODY = YES;
				CLANG_WARN_ENUM_CONVERSION = YES;
				CLANG_WARN_INT_CONVERSION = YES;
				CLANG_WARN_OBJC_ROOT_CLASS = YES_ERROR;
				CLANG_WARN_UNREACHABLE_CODE = YES;
				CLANG_WARN__DUPLICATE_METHOD_MATCH = YES;
				"CODE_SIGN_IDENTITY[sdk=iphoneos*]" = "iPhone Developer";
				COPY_PHASE_STRIP = NO;
				CURRENT_PROJECT_VERSION = 1;
				DEBUG_INFORMATION_FORMAT = "dwarf-with-dsym";
				ENABLE_NS_ASSERTIONS = NO;
				ENABLE_STRICT_OBJC_MSGSEND = YES;
				GCC_C_LANGUAGE_STANDARD = gnu99;
				GCC_NO_COMMON_BLOCKS = YES;
				GCC_WARN_64_TO_32_BIT_CONVERSION = YES;
				GCC_WARN_ABOUT_RETURN_TYPE = YES_ERROR;
				GCC_WARN_UNDECLARED_SELECTOR = YES;
				GCC_WARN_UNINITIALIZED_AUTOS = YES_AGGRESSIVE;
				GCC_WARN_UNUSED_FUNCTION = YES;
				GCC_WARN_UNUSED_VARIABLE = YES;
				IPHONEOS_DEPLOYMENT_TARGET = 9.3;
				MTL_ENABLE_DEBUG_INFO = NO;
				SDKROOT = iphoneos;
				TARGETED_DEVICE_FAMILY = "1,2";
				VALIDATE_PRODUCT = YES;
				VERSIONING_SYSTEM = "apple-generic";
				VERSION_INFO_PREFIX = "";
			};
			name = Release;
		};
		095FD19A1D05CB7E005D9FCC /* Debug */ = {
			isa = XCBuildConfiguration;
			buildSettings = {
				DEFINES_MODULE = YES;
				DYLIB_COMPATIBILITY_VERSION = 1;
				DYLIB_CURRENT_VERSION = 1;
				DYLIB_INSTALL_NAME_BASE = "@rpath";
				INFOPLIST_FILE = CCNavTab/Info.plist;
				INSTALL_PATH = "$(LOCAL_LIBRARY_DIR)/Frameworks";
				LD_RUNPATH_SEARCH_PATHS = "$(inherited) @executable_path/Frameworks @loader_path/Frameworks";
				PRODUCT_BUNDLE_IDENTIFIER = com.xiongcaichang.CCNavTab;
				PRODUCT_NAME = "$(TARGET_NAME)";
				SKIP_INSTALL = YES;
			};
			name = Debug;
		};
		095FD19B1D05CB7E005D9FCC /* Release */ = {
			isa = XCBuildConfiguration;
			buildSettings = {
				DEFINES_MODULE = YES;
				DYLIB_COMPATIBILITY_VERSION = 1;
				DYLIB_CURRENT_VERSION = 1;
				DYLIB_INSTALL_NAME_BASE = "@rpath";
				INFOPLIST_FILE = CCNavTab/Info.plist;
				INSTALL_PATH = "$(LOCAL_LIBRARY_DIR)/Frameworks";
				LD_RUNPATH_SEARCH_PATHS = "$(inherited) @executable_path/Frameworks @loader_path/Frameworks";
				PRODUCT_BUNDLE_IDENTIFIER = com.xiongcaichang.CCNavTab;
				PRODUCT_NAME = "$(TARGET_NAME)";
				SKIP_INSTALL = YES;
			};
			name = Release;
		};
/* End XCBuildConfiguration section */

/* Begin XCConfigurationList section */
		095FD18B1D05CB7E005D9FCC /* Build configuration list for PBXProject "CCNavTab" */ = {
			isa = XCConfigurationList;
			buildConfigurations = (
				095FD1971D05CB7E005D9FCC /* Debug */,
				095FD1981D05CB7E005D9FCC /* Release */,
			);
			defaultConfigurationIsVisible = 0;
			defaultConfigurationName = Release;
		};
		095FD1991D05CB7E005D9FCC /* Build configuration list for PBXNativeTarget "CCNavTab" */ = {
			isa = XCConfigurationList;
			buildConfigurations = (
				095FD19A1D05CB7E005D9FCC /* Debug */,
				095FD19B1D05CB7E005D9FCC /* Release */,
			);
			defaultConfigurationIsVisible = 0;
		};
/* End XCConfigurationList section */
	};
	rootObject = 095FD1881D05CB7E005D9FCC /* Project object */;
}
